PODS:
  - DateTools (2.0.0)
  - iCarousel (1.8.3)
  - SDCycleScrollView (1.75):
    - SDWebImage (>= 4.0.0)
  - SDWebImage (4.4.2):
    - SDWebImage/Core (= 4.4.2)
  - SDWebImage/Core (4.4.2)
  - UICKeyChainStore (2.1.2)
  - VCTransitionsLibrary (1.5.0)
  - WechatOpenSDK (1.8.3)
  - ZipArchive (1.4.0)

DEPENDENCIES:
  - DateTools
  - iCarousel
  - SDCycleScrollView
  - UICKeyChainStore
  - VCTransitionsLibrary
  - WechatOpenSDK
  - ZipArchive

SPEC REPOS:
  https://github.com/cocoapods/specs.git:
    - DateTools
    - iCarousel
    - SDCycleScrollView
    - SDWebImage
    - UICKeyChainStore
    - VCTransitionsLibrary
    - WechatOpenSDK
    - ZipArchive

SPEC CHECKSUMS:
  DateTools: 933ac9c490f21f92127cf690ccd8c397e0126caf
  iCarousel: d782f635afac190c49bb8ee455882284cff8b85f
  SDCycleScrollView: 884b88f0266dd4708a0e1934975c69cb971707b1
  SDWebImage: 624d6e296c69b244bcede364c72ae0430ac14681
  UICKeyChainStore: 85db518bb1d294366d15ec9b92a416c4e670518f
  VCTransitionsLibrary: d61fd9b7b6721942f0d583bcc0e7f8c31ec9271b
  WechatOpenSDK: 3117412f8aafde4758cac1e8d20b93c67cafcfef
  ZipArchive: e25a4373192673e3229ac8d6e9f64a3e5713c966

PODFILE CHECKSUM: c9179f1d9c885dbec83b24a32cde3ab873c7f415

COCOAPODS: 1.5.3
